// !$*UTF8*$!
{
	archiveVersion = 1;
	classes = {
	};
	objectVersion = 56;
	objects = {

/* Begin PBXBuildFile section */
		95874A462A43632E00135B2D /* PeopleApp.swift in Sources */ = {isa = PBXBuildFile; fileRef = 95874A452A43632E00135B2D /* PeopleApp.swift */; };
		95874A4A2A43633100135B2D /* Assets.xcassets in Resources */ = {isa = PBXBuildFile; fileRef = 95874A492A43633100135B2D /* Assets.xcassets */; };
		95874A4D2A43633100135B2D /* Preview Assets.xcassets in Resources */ = {isa = PBXBuildFile; fileRef = 95874A4C2A43633100135B2D /* Preview Assets.xcassets */; };
		95874A552A4364FF00135B2D /* Symbols.swift in Sources */ = {isa = PBXBuildFile; fileRef = 95874A542A4364FF00135B2D /* Symbols.swift */; };
		95874A572A4366C300135B2D /* Theme.swift in Sources */ = {isa = PBXBuildFile; fileRef = 95874A562A4366C300135B2D /* Theme.swift */; };
		95874A6A2A43813600135B2D /* UsersStaticData.json in Resources */ = {isa = PBXBuildFile; fileRef = 95874A692A43813600135B2D /* UsersStaticData.json */; };
		95874A6C2A43816F00135B2D /* SingleUserData.json in Resources */ = {isa = PBXBuildFile; fileRef = 95874A6B2A43816F00135B2D /* SingleUserData.json */; };
		95874A6E2A43839A00135B2D /* UserDetailResponse.swift in Sources */ = {isa = PBXBuildFile; fileRef = 95874A6D2A43839A00135B2D /* UserDetailResponse.swift */; };
		95874A702A43840700135B2D /* UserResponse.swift in Sources */ = {isa = PBXBuildFile; fileRef = 95874A6F2A43840700135B2D /* UserResponse.swift */; };
		95874A732A43848600135B2D /* Models.swift in Sources */ = {isa = PBXBuildFile; fileRef = 95874A722A43848600135B2D /* Models.swift */; };
		95874A762A4384D000135B2D /* StaticJSONMapper.swift in Sources */ = {isa = PBXBuildFile; fileRef = 95874A752A4384D000135B2D /* StaticJSONMapper.swift */; };
		95874A782A43A25900135B2D /* PeopleView.swift in Sources */ = {isa = PBXBuildFile; fileRef = 95874A772A43A25900135B2D /* PeopleView.swift */; };
		95874A7A2A43A93B00135B2D /* PersonItemView.swift in Sources */ = {isa = PBXBuildFile; fileRef = 95874A792A43A93B00135B2D /* PersonItemView.swift */; };
		95874A7D2A43AA1C00135B2D /* PillView.swift in Sources */ = {isa = PBXBuildFile; fileRef = 95874A7C2A43AA1C00135B2D /* PillView.swift */; };
		95874A7F2A43AE9300135B2D /* DetailView.swift in Sources */ = {isa = PBXBuildFile; fileRef = 95874A7E2A43AE9200135B2D /* DetailView.swift */; };
		9596979B2A4425DC00B23EB3 /* CreateView.swift in Sources */ = {isa = PBXBuildFile; fileRef = 9596979A2A4425DC00B23EB3 /* CreateView.swift */; };
		9596979E2A442BD600B23EB3 /* NetworkingManager.swift in Sources */ = {isa = PBXBuildFile; fileRef = 9596979D2A442BD600B23EB3 /* NetworkingManager.swift */; };
/* End PBXBuildFile section */

/* Begin PBXFileReference section */
		95874A422A43632E00135B2D /* People.app */ = {isa = PBXFileReference; explicitFileType = wrapper.application; includeInIndex = 0; path = People.app; sourceTree = BUILT_PRODUCTS_DIR; };
		95874A452A43632E00135B2D /* PeopleApp.swift */ = {isa = PBXFileReference; lastKnownFileType = sourcecode.swift; path = PeopleApp.swift; sourceTree = "<group>"; };
		95874A492A43633100135B2D /* Assets.xcassets */ = {isa = PBXFileReference; lastKnownFileType = folder.assetcatalog; path = Assets.xcassets; sourceTree = "<group>"; };
		95874A4C2A43633100135B2D /* Preview Assets.xcassets */ = {isa = PBXFileReference; lastKnownFileType = folder.assetcatalog; path = "Preview Assets.xcassets"; sourceTree = "<group>"; };
		95874A542A4364FF00135B2D /* Symbols.swift */ = {isa = PBXFileReference; lastKnownFileType = sourcecode.swift; path = Symbols.swift; sourceTree = "<group>"; };
		95874A562A4366C300135B2D /* Theme.swift */ = {isa = PBXFileReference; lastKnownFileType = sourcecode.swift; path = Theme.swift; sourceTree = "<group>"; };
		95874A672A436BC100135B2D /* Info.plist */ = {isa = PBXFileReference; lastKnownFileType = text.plist; path = Info.plist; sourceTree = "<group>"; };
		95874A692A43813600135B2D /* UsersStaticData.json */ = {isa = PBXFileReference; lastKnownFileType = text.json; path = UsersStaticData.json; sourceTree = "<group>"; };
		95874A6B2A43816F00135B2D /* SingleUserData.json */ = {isa = PBXFileReference; lastKnownFileType = text.json; path = SingleUserData.json; sourceTree = "<group>"; };
		95874A6D2A43839A00135B2D /* UserDetailResponse.swift */ = {isa = PBXFileReference; lastKnownFileType = sourcecode.swift; path = UserDetailResponse.swift; sourceTree = "<group>"; };
		95874A6F2A43840700135B2D /* UserResponse.swift */ = {isa = PBXFileReference; lastKnownFileType = sourcecode.swift; path = UserResponse.swift; sourceTree = "<group>"; };
		95874A722A43848600135B2D /* Models.swift */ = {isa = PBXFileReference; lastKnownFileType = sourcecode.swift; path = Models.swift; sourceTree = "<group>"; };
		95874A752A4384D000135B2D /* StaticJSONMapper.swift */ = {isa = PBXFileReference; lastKnownFileType = sourcecode.swift; path = StaticJSONMapper.swift; sourceTree = "<group>"; };
		95874A772A43A25900135B2D /* PeopleView.swift */ = {isa = PBXFileReference; lastKnownFileType = sourcecode.swift; path = PeopleView.swift; sourceTree = "<group>"; };
		95874A792A43A93B00135B2D /* PersonItemView.swift */ = {isa = PBXFileReference; lastKnownFileType = sourcecode.swift; path = PersonItemView.swift; sourceTree = "<group>"; };
		95874A7C2A43AA1C00135B2D /* PillView.swift */ = {isa = PBXFileReference; lastKnownFileType = sourcecode.swift; path = PillView.swift; sourceTree = "<group>"; };
		95874A7E2A43AE9200135B2D /* DetailView.swift */ = {isa = PBXFileReference; lastKnownFileType = sourcecode.swift; path = DetailView.swift; sourceTree = "<group>"; };
		9596979A2A4425DC00B23EB3 /* CreateView.swift */ = {isa = PBXFileReference; lastKnownFileType = sourcecode.swift; path = CreateView.swift; sourceTree = "<group>"; };
		9596979D2A442BD600B23EB3 /* NetworkingManager.swift */ = {isa = PBXFileReference; lastKnownFileType = sourcecode.swift; path = NetworkingManager.swift; sourceTree = "<group>"; };
/* End PBXFileReference section */

/* Begin PBXFrameworksBuildPhase section */
		95874A3F2A43632E00135B2D /* Frameworks */ = {
			isa = PBXFrameworksBuildPhase;
			buildActionMask = 2147483647;
			files = (
			);
			runOnlyForDeploymentPostprocessing = 0;
		};
/* End PBXFrameworksBuildPhase section */

/* Begin PBXGroup section */
		95874A392A43632E00135B2D = {
			isa = PBXGroup;
			children = (
				95874A442A43632E00135B2D /* People */,
				95874A432A43632E00135B2D /* Products */,
			);
			sourceTree = "<group>";
		};
		95874A432A43632E00135B2D /* Products */ = {
			isa = PBXGroup;
			children = (
				95874A422A43632E00135B2D /* People.app */,
			);
			name = Products;
			sourceTree = "<group>";
		};
		95874A442A43632E00135B2D /* People */ = {
			isa = PBXGroup;
			children = (
				95874A672A436BC100135B2D /* Info.plist */,
				95874A592A43681500135B2D /* Features */,
				95874A582A43681100135B2D /* Base */,
				95874A532A43646900135B2D /* Resources */,
				95874A452A43632E00135B2D /* PeopleApp.swift */,
				95874A492A43633100135B2D /* Assets.xcassets */,
				95874A4B2A43633100135B2D /* Preview Content */,
			);
			path = People;
			sourceTree = "<group>";
		};
		95874A4B2A43633100135B2D /* Preview Content */ = {
			isa = PBXGroup;
			children = (
				95874A4C2A43633100135B2D /* Preview Assets.xcassets */,
			);
			path = "Preview Content";
			sourceTree = "<group>";
		};
		95874A532A43646900135B2D /* Resources */ = {
			isa = PBXGroup;
			children = (
				95874A682A4380F000135B2D /* JSON */,
				95874A542A4364FF00135B2D /* Symbols.swift */,
				95874A562A4366C300135B2D /* Theme.swift */,
			);
			path = Resources;
			sourceTree = "<group>";
		};
		95874A582A43681100135B2D /* Base */ = {
			isa = PBXGroup;
			children = (
				9596979C2A442BC900B23EB3 /* API */,
				95874A7B2A43AA0000135B2D /* Views */,
				95874A742A4384B300135B2D /* Mapper */,
				95874A712A43846D00135B2D /* Model */,
			);
			path = Base;
			sourceTree = "<group>";
		};
		95874A592A43681500135B2D /* Features */ = {
			isa = PBXGroup;
			children = (
				95874A5D2A43682F00135B2D /* Settings */,
				95874A5C2A43682800135B2D /* Detail */,
				95874A5B2A43682300135B2D /* Create */,
				95874A5A2A43682000135B2D /* People */,
			);
			path = Features;
			sourceTree = "<group>";
		};
		95874A5A2A43682000135B2D /* People */ = {
			isa = PBXGroup;
			children = (
				95874A5F2A43684A00135B2D /* Model */,
				95874A602A43685000135B2D /* ViewModel */,
				95874A5E2A43684300135B2D /* Views */,
			);
			path = People;
			sourceTree = "<group>";
		};
		95874A5B2A43682300135B2D /* Create */ = {
			isa = PBXGroup;
			children = (
				95874A622A43687D00135B2D /* Model */,
				95874A632A43688300135B2D /* ViewModel */,
				95874A612A43687800135B2D /* Views */,
			);
			path = Create;
			sourceTree = "<group>";
		};
		95874A5C2A43682800135B2D /* Detail */ = {
			isa = PBXGroup;
			children = (
				95874A662A43689500135B2D /* Model */,
				95874A652A43688D00135B2D /* ViewModel */,
				95874A642A43688800135B2D /* Views */,
			);
			path = Detail;
			sourceTree = "<group>";
		};
		95874A5D2A43682F00135B2D /* Settings */ = {
			isa = PBXGroup;
			children = (
			);
			path = Settings;
			sourceTree = "<group>";
		};
		95874A5E2A43684300135B2D /* Views */ = {
			isa = PBXGroup;
			children = (
				95874A772A43A25900135B2D /* PeopleView.swift */,
				95874A792A43A93B00135B2D /* PersonItemView.swift */,
			);
			path = Views;
			sourceTree = "<group>";
		};
		95874A5F2A43684A00135B2D /* Model */ = {
			isa = PBXGroup;
			children = (
			);
			path = Model;
			sourceTree = "<group>";
		};
		95874A602A43685000135B2D /* ViewModel */ = {
			isa = PBXGroup;
			children = (
			);
			path = ViewModel;
			sourceTree = "<group>";
		};
		95874A612A43687800135B2D /* Views */ = {
			isa = PBXGroup;
			children = (
				9596979A2A4425DC00B23EB3 /* CreateView.swift */,
			);
			path = Views;
			sourceTree = "<group>";
		};
		95874A622A43687D00135B2D /* Model */ = {
			isa = PBXGroup;
			children = (
				95874A6F2A43840700135B2D /* UserResponse.swift */,
			);
			path = Model;
			sourceTree = "<group>";
		};
		95874A632A43688300135B2D /* ViewModel */ = {
			isa = PBXGroup;
			children = (
			);
			path = ViewModel;
			sourceTree = "<group>";
		};
		95874A642A43688800135B2D /* Views */ = {
			isa = PBXGroup;
			children = (
				95874A7E2A43AE9200135B2D /* DetailView.swift */,
			);
			path = Views;
			sourceTree = "<group>";
		};
		95874A652A43688D00135B2D /* ViewModel */ = {
			isa = PBXGroup;
			children = (
			);
			path = ViewModel;
			sourceTree = "<group>";
		};
		95874A662A43689500135B2D /* Model */ = {
			isa = PBXGroup;
			children = (
				95874A6D2A43839A00135B2D /* UserDetailResponse.swift */,
			);
			path = Model;
			sourceTree = "<group>";
		};
		95874A682A4380F000135B2D /* JSON */ = {
			isa = PBXGroup;
			children = (
				95874A692A43813600135B2D /* UsersStaticData.json */,
				95874A6B2A43816F00135B2D /* SingleUserData.json */,
			);
			path = JSON;
			sourceTree = "<group>";
		};
		95874A712A43846D00135B2D /* Model */ = {
			isa = PBXGroup;
			children = (
				95874A722A43848600135B2D /* Models.swift */,
			);
			path = Model;
			sourceTree = "<group>";
		};
		95874A742A4384B300135B2D /* Mapper */ = {
			isa = PBXGroup;
			children = (
				95874A752A4384D000135B2D /* StaticJSONMapper.swift */,
			);
			path = Mapper;
			sourceTree = "<group>";
		};
		95874A7B2A43AA0000135B2D /* Views */ = {
			isa = PBXGroup;
			children = (
				95874A7C2A43AA1C00135B2D /* PillView.swift */,
			);
			path = Views;
			sourceTree = "<group>";
		};
		9596979C2A442BC900B23EB3 /* API */ = {
			isa = PBXGroup;
			children = (
				9596979D2A442BD600B23EB3 /* NetworkingManager.swift */,
			);
			path = API;
			sourceTree = "<group>";
		};
/* End PBXGroup section */

/* Begin PBXNativeTarget section */
		95874A412A43632E00135B2D /* People */ = {
			isa = PBXNativeTarget;
			buildConfigurationList = 95874A502A43633100135B2D /* Build configuration list for PBXNativeTarget "People" */;
			buildPhases = (
				95874A3E2A43632E00135B2D /* Sources */,
				95874A3F2A43632E00135B2D /* Frameworks */,
				95874A402A43632E00135B2D /* Resources */,
			);
			buildRules = (
			);
			dependencies = (
			);
			name = People;
			productName = People;
			productReference = 95874A422A43632E00135B2D /* People.app */;
			productType = "com.apple.product-type.application";
		};
/* End PBXNativeTarget section */

/* Begin PBXProject section */
		95874A3A2A43632E00135B2D /* Project object */ = {
			isa = PBXProject;
			attributes = {
				BuildIndependentTargetsInParallel = 1;
				LastSwiftUpdateCheck = 1430;
				LastUpgradeCheck = 1430;
				TargetAttributes = {
					95874A412A43632E00135B2D = {
						CreatedOnToolsVersion = 14.3.1;
					};
				};
			};
			buildConfigurationList = 95874A3D2A43632E00135B2D /* Build configuration list for PBXProject "People" */;
			compatibilityVersion = "Xcode 14.0";
			developmentRegion = en;
			hasScannedForEncodings = 0;
			knownRegions = (
				en,
				Base,
			);
			mainGroup = 95874A392A43632E00135B2D;
			productRefGroup = 95874A432A43632E00135B2D /* Products */;
			projectDirPath = "";
			projectRoot = "";
			targets = (
				95874A412A43632E00135B2D /* People */,
			);
		};
/* End PBXProject section */

/* Begin PBXResourcesBuildPhase section */
		95874A402A43632E00135B2D /* Resources */ = {
			isa = PBXResourcesBuildPhase;
			buildActionMask = 2147483647;
			files = (
				95874A4D2A43633100135B2D /* Preview Assets.xcassets in Resources */,
				95874A4A2A43633100135B2D /* Assets.xcassets in Resources */,
				95874A6C2A43816F00135B2D /* SingleUserData.json in Resources */,
				95874A6A2A43813600135B2D /* UsersStaticData.json in Resources */,
			);
			runOnlyForDeploymentPostprocessing = 0;
		};
/* End PBXResourcesBuildPhase section */

/* Begin PBXSourcesBuildPhase section */
		95874A3E2A43632E00135B2D /* Sources */ = {
			isa = PBXSourcesBuildPhase;
			buildActionMask = 2147483647;
			files = (
				95874A762A4384D000135B2D /* StaticJSONMapper.swift in Sources */,
				95874A7D2A43AA1C00135B2D /* PillView.swift in Sources */,
				95874A552A4364FF00135B2D /* Symbols.swift in Sources */,
				95874A782A43A25900135B2D /* PeopleView.swift in Sources */,
				95874A572A4366C300135B2D /* Theme.swift in Sources */,
				95874A7F2A43AE9300135B2D /* DetailView.swift in Sources */,
				95874A6E2A43839A00135B2D /* UserDetailResponse.swift in Sources */,
				95874A462A43632E00135B2D /* PeopleApp.swift in Sources */,
				9596979E2A442BD600B23EB3 /* NetworkingManager.swift in Sources */,
				95874A702A43840700135B2D /* UserResponse.swift in Sources */,
				95874A7A2A43A93B00135B2D /* PersonItemView.swift in Sources */,
				9596979B2A4425DC00B23EB3 /* CreateView.swift in Sources */,
				95874A732A43848600135B2D /* Models.swift in Sources */,
			);
			runOnlyForDeploymentPostprocessing = 0;
		};
/* End PBXSourcesBuildPhase section */

/* Begin XCBuildConfiguration section */
		95874A4E2A43633100135B2D /* Debug */ = {
			isa = XCBuildConfiguration;
			buildSettings = {
				ALWAYS_SEARCH_USER_PATHS = NO;
				CLANG_ANALYZER_NONNULL = YES;
				CLANG_ANALYZER_NUMBER_OBJECT_CONVERSION = YES_AGGRESSIVE;
				CLANG_CXX_LANGUAGE_STANDARD = "gnu++20";
				CLANG_ENABLE_MODULES = YES;
				CLANG_ENABLE_OBJC_ARC = YES;
				CLANG_ENABLE_OBJC_WEAK = YES;
				CLANG_WARN_BLOCK_CAPTURE_AUTORELEASING = YES;
				CLANG_WARN_BOOL_CONVERSION = YES;
				CLANG_WARN_COMMA = YES;
				CLANG_WARN_CONSTANT_CONVERSION = YES;
				CLANG_WARN_DEPRECATED_OBJC_IMPLEMENTATIONS = YES;
				CLANG_WARN_DIRECT_OBJC_ISA_USAGE = YES_ERROR;
				CLANG_WARN_DOCUMENTATION_COMMENTS = YES;
				CLANG_WARN_EMPTY_BODY = YES;
				CLANG_WARN_ENUM_CONVERSION = YES;
				CLANG_WARN_INFINITE_RECURSION = YES;
				CLANG_WARN_INT_CONVERSION = YES;
				CLANG_WARN_NON_LITERAL_NULL_CONVERSION = YES;
				CLANG_WARN_OBJC_IMPLICIT_RETAIN_SELF = YES;
				CLANG_WARN_OBJC_LITERAL_CONVERSION = YES;
				CLANG_WARN_OBJC_ROOT_CLASS = YES_ERROR;
				CLANG_WARN_QUOTED_INCLUDE_IN_FRAMEWORK_HEADER = YES;
				CLANG_WARN_RANGE_LOOP_ANALYSIS = YES;
				CLANG_WARN_STRICT_PROTOTYPES = YES;
				CLANG_WARN_SUSPICIOUS_MOVE = YES;
				CLANG_WARN_UNGUARDED_AVAILABILITY = YES_AGGRESSIVE;
				CLANG_WARN_UNREACHABLE_CODE = YES;
				CLANG_WARN__DUPLICATE_METHOD_MATCH = YES;
				COPY_PHASE_STRIP = NO;
				DEBUG_INFORMATION_FORMAT = dwarf;
				ENABLE_STRICT_OBJC_MSGSEND = YES;
				ENABLE_TESTABILITY = YES;
				GCC_C_LANGUAGE_STANDARD = gnu11;
				GCC_DYNAMIC_NO_PIC = NO;
				GCC_NO_COMMON_BLOCKS = YES;
				GCC_OPTIMIZATION_LEVEL = 0;
				GCC_PREPROCESSOR_DEFINITIONS = (
					"DEBUG=1",
					"$(inherited)",
				);
				GCC_WARN_64_TO_32_BIT_CONVERSION = YES;
				GCC_WARN_ABOUT_RETURN_TYPE = YES_ERROR;
				GCC_WARN_UNDECLARED_SELECTOR = YES;
				GCC_WARN_UNINITIALIZED_AUTOS = YES_AGGRESSIVE;
				GCC_WARN_UNUSED_FUNCTION = YES;
				GCC_WARN_UNUSED_VARIABLE = YES;
				IPHONEOS_DEPLOYMENT_TARGET = 16.4;
				MTL_ENABLE_DEBUG_INFO = INCLUDE_SOURCE;
				MTL_FAST_MATH = YES;
				ONLY_ACTIVE_ARCH = YES;
				SDKROOT = iphoneos;
				SWIFT_ACTIVE_COMPILATION_CONDITIONS = DEBUG;
				SWIFT_OPTIMIZATION_LEVEL = "-Onone";
			};
			name = Debug;
		};
		95874A4F2A43633100135B2D /* Release */ = {
			isa = XCBuildConfiguration;
			buildSettings = {
				ALWAYS_SEARCH_USER_PATHS = NO;
				CLANG_ANALYZER_NONNULL = YES;
				CLANG_ANALYZER_NUMBER_OBJECT_CONVERSION = YES_AGGRESSIVE;
				CLANG_CXX_LANGUAGE_STANDARD = "gnu++20";
				CLANG_ENABLE_MODULES = YES;
				CLANG_ENABLE_OBJC_ARC = YES;
				CLANG_ENABLE_OBJC_WEAK = YES;
				CLANG_WARN_BLOCK_CAPTURE_AUTORELEASING = YES;
				CLANG_WARN_BOOL_CONVERSION = YES;
				CLANG_WARN_COMMA = YES;
				CLANG_WARN_CONSTANT_CONVERSION = YES;
				CLANG_WARN_DEPRECATED_OBJC_IMPLEMENTATIONS = YES;
				CLANG_WARN_DIRECT_OBJC_ISA_USAGE = YES_ERROR;
				CLANG_WARN_DOCUMENTATION_COMMENTS = YES;
				CLANG_WARN_EMPTY_BODY = YES;
				CLANG_WARN_ENUM_CONVERSION = YES;
				CLANG_WARN_INFINITE_RECURSION = YES;
				CLANG_WARN_INT_CONVERSION = YES;
				CLANG_WARN_NON_LITERAL_NULL_CONVERSION = YES;
				CLANG_WARN_OBJC_IMPLICIT_RETAIN_SELF = YES;
				CLANG_WARN_OBJC_LITERAL_CONVERSION = YES;
				CLANG_WARN_OBJC_ROOT_CLASS = YES_ERROR;
				CLANG_WARN_QUOTED_INCLUDE_IN_FRAMEWORK_HEADER = YES;
				CLANG_WARN_RANGE_LOOP_ANALYSIS = YES;
				CLANG_WARN_STRICT_PROTOTYPES = YES;
				CLANG_WARN_SUSPICIOUS_MOVE = YES;
				CLANG_WARN_UNGUARDED_AVAILABILITY = YES_AGGRESSIVE;
				CLANG_WARN_UNREACHABLE_CODE = YES;
				CLANG_WARN__DUPLICATE_METHOD_MATCH = YES;
				COPY_PHASE_STRIP = NO;
				DEBUG_INFORMATION_FORMAT = "dwarf-with-dsym";
				ENABLE_NS_ASSERTIONS = NO;
				ENABLE_STRICT_OBJC_MSGSEND = YES;
				GCC_C_LANGUAGE_STANDARD = gnu11;
				GCC_NO_COMMON_BLOCKS = YES;
				GCC_WARN_64_TO_32_BIT_CONVERSION = YES;
				GCC_WARN_ABOUT_RETURN_TYPE = YES_ERROR;
				GCC_WARN_UNDECLARED_SELECTOR = YES;
				GCC_WARN_UNINITIALIZED_AUTOS = YES_AGGRESSIVE;
				GCC_WARN_UNUSED_FUNCTION = YES;
				GCC_WARN_UNUSED_VARIABLE = YES;
				IPHONEOS_DEPLOYMENT_TARGET = 16.4;
				MTL_ENABLE_DEBUG_INFO = NO;
				MTL_FAST_MATH = YES;
				SDKROOT = iphoneos;
				SWIFT_COMPILATION_MODE = wholemodule;
				SWIFT_OPTIMIZATION_LEVEL = "-O";
				VALIDATE_PRODUCT = YES;
			};
			name = Release;
		};
		95874A512A43633100135B2D /* Debug */ = {
			isa = XCBuildConfiguration;
			buildSettings = {
				ASSETCATALOG_COMPILER_APPICON_NAME = AppIcon;
				ASSETCATALOG_COMPILER_GLOBAL_ACCENT_COLOR_NAME = AccentColor;
				CODE_SIGN_STYLE = Automatic;
				CURRENT_PROJECT_VERSION = 1;
				DEVELOPMENT_ASSET_PATHS = "\"People/Preview Content\"";
				DEVELOPMENT_TEAM = F27HQ4FLX4;
				ENABLE_PREVIEWS = YES;
				GENERATE_INFOPLIST_FILE = YES;
				INFOPLIST_FILE = People/Info.plist;
				INFOPLIST_KEY_UIApplicationSceneManifest_Generation = YES;
				INFOPLIST_KEY_UIApplicationSupportsIndirectInputEvents = YES;
				INFOPLIST_KEY_UISupportedInterfaceOrientations_iPad = "UIInterfaceOrientationPortrait UIInterfaceOrientationPortraitUpsideDown UIInterfaceOrientationLandscapeLeft UIInterfaceOrientationLandscapeRight";
				INFOPLIST_KEY_UISupportedInterfaceOrientations_iPhone = "UIInterfaceOrientationPortrait UIInterfaceOrientationLandscapeLeft UIInterfaceOrientationLandscapeRight";
				LD_RUNPATH_SEARCH_PATHS = (
					"$(inherited)",
					"@executable_path/Frameworks",
				);
				MARKETING_VERSION = 1.0;
				PRODUCT_BUNDLE_IDENTIFIER = com.charlie.People;
				PRODUCT_NAME = "$(TARGET_NAME)";
				SWIFT_EMIT_LOC_STRINGS = YES;
				SWIFT_VERSION = 5.0;
				TARGETED_DEVICE_FAMILY = "1,2";
			};
			name = Debug;
		};
		95874A522A43633100135B2D /* Release */ = {
			isa = XCBuildConfiguration;
			buildSettings = {
				ASSETCATALOG_COMPILER_APPICON_NAME = AppIcon;
				ASSETCATALOG_COMPILER_GLOBAL_ACCENT_COLOR_NAME = AccentColor;
				CODE_SIGN_STYLE = Automatic;
				CURRENT_PROJECT_VERSION = 1;
				DEVELOPMENT_ASSET_PATHS = "\"People/Preview Content\"";
				DEVELOPMENT_TEAM = F27HQ4FLX4;
				ENABLE_PREVIEWS = YES;
				GENERATE_INFOPLIST_FILE = YES;
				INFOPLIST_FILE = People/Info.plist;
				INFOPLIST_KEY_UIApplicationSceneManifest_Generation = YES;
				INFOPLIST_KEY_UIApplicationSupportsIndirectInputEvents = YES;
				INFOPLIST_KEY_UISupportedInterfaceOrientations_iPad = "UIInterfaceOrientationPortrait UIInterfaceOrientationPortraitUpsideDown UIInterfaceOrientationLandscapeLeft UIInterfaceOrientationLandscapeRight";
				INFOPLIST_KEY_UISupportedInterfaceOrientations_iPhone = "UIInterfaceOrientationPortrait UIInterfaceOrientationLandscapeLeft UIInterfaceOrientationLandscapeRight";
				LD_RUNPATH_SEARCH_PATHS = (
					"$(inherited)",
					"@executable_path/Frameworks",
				);
				MARKETING_VERSION = 1.0;
				PRODUCT_BUNDLE_IDENTIFIER = com.charlie.People;
				PRODUCT_NAME = "$(TARGET_NAME)";
				SWIFT_EMIT_LOC_STRINGS = YES;
				SWIFT_VERSION = 5.0;
				TARGETED_DEVICE_FAMILY = "1,2";
			};
			name = Release;
		};
/* End XCBuildConfiguration section */

/* Begin XCConfigurationList section */
		95874A3D2A43632E00135B2D /* Build configuration list for PBXProject "People" */ = {
			isa = XCConfigurationList;
			buildConfigurations = (
				95874A4E2A43633100135B2D /* Debug */,
				95874A4F2A43633100135B2D /* Release */,
			);
			defaultConfigurationIsVisible = 0;
			defaultConfigurationName = Release;
		};
		95874A502A43633100135B2D /* Build configuration list for PBXNativeTarget "People" */ = {
			isa = XCConfigurationList;
			buildConfigurations = (
				95874A512A43633100135B2D /* Debug */,
				95874A522A43633100135B2D /* Release */,
			);
			defaultConfigurationIsVisible = 0;
			defaultConfigurationName = Release;
		};
/* End XCConfigurationList section */
	};
	rootObject = 95874A3A2A43632E00135B2D /* Project object */;
}
